
Microsoft Visual Studio Solution File, Format Version 12.00
# Visual Studio 15
VisualStudioVersion = 15.0.27703.2042
MinimumVisualStudioVersion = 10.0.40219.1
Project("{FAE04EC0-301F-11D3-BF4B-00C04F79EFBC}") = "TesteRosieEnvioDeDados", "TesteRosieEnvioDeDados\TesteRosieEnvioDeDados.csproj", "{6CB46289-E66E-4DCE-B277-33C96F8634AF}"
EndProject
Global
	GlobalSection(SolutionConfigurationPlatforms) = preSolution
		Debug|Any CPU = Debug|Any CPU
		Release|Any CPU = Release|Any CPU
	EndGlobalSection
	GlobalSection(ProjectConfigurationPlatforms) = postSolution
		{6CB46289-E66E-4DCE-B277-33C96F8634AF}.Debug|Any CPU.ActiveCfg = Debug|Any CPU
		{6CB46289-E66E-4DCE-B277-33C96F8634AF}.Debug|Any CPU.Build.0 = Debug|Any CPU
		{6CB46289-E66E-4DCE-B277-33C96F8634AF}.Release|Any CPU.ActiveCfg = Release|Any CPU
		{6CB46289-E66E-4DCE-B277-33C96F8634AF}.Release|Any CPU.Build.0 = Release|Any CPU
	EndGlobalSection
	GlobalSection(SolutionProperties) = preSolution
		HideSolutionNode = FALSE
	EndGlobalSection
	GlobalSection(ExtensibilityGlobals) = postSolution
		SolutionGuid = {3D23B879-9D02-4AFE-B0B1-6241C76B6187}
	EndGlobalSection
EndGlobal
